{
    "name": "jenkins-docker-node-app",
    "version": "1.0.0",
    "lockfileVersion": 3,
    "requires": true,
    "packages": {
        "": {
            "name": "jenkins-docker-node-app",
            "version": "1.0.0",
            "dependencies": {
                "jenkins-docker-node-app": "file:"
            }
        },
        "node_modules/jenkins-docker-node-app": {
            "resolved": "",
            "link": true
        }
    }
}
